
Microsoft Visual Studio Solution File, Format Version 12.00
# Visual Studio Version 17
VisualStudioVersion = 17.6.33723.286
MinimumVisualStudioVersion = 10.0.40219.1
Project("{FAE04EC0-301F-11D3-BF4B-00C04F79EFBC}") = "Canes client", "Canes client.csproj", "{F50AFDA7-F09F-43A5-82D3-FBE0F969543F}"
EndProject
Global
	GlobalSection(SolutionConfigurationPlatforms) = preSolution
		Debug|Any CPU = Debug|Any CPU
		Release|Any CPU = Release|Any CPU
	EndGlobalSection
	GlobalSection(ProjectConfigurationPlatforms) = postSolution
		{F50AFDA7-F09F-43A5-82D3-FBE0F969543F}.Debug|Any CPU.ActiveCfg = Debug|Any CPU
		{F50AFDA7-F09F-43A5-82D3-FBE0F969543F}.Debug|Any CPU.Build.0 = Debug|Any CPU
		{F50AFDA7-F09F-43A5-82D3-FBE0F969543F}.Release|Any CPU.ActiveCfg = Release|Any CPU
		{F50AFDA7-F09F-43A5-82D3-FBE0F969543F}.Release|Any CPU.Build.0 = Release|Any CPU
	EndGlobalSection
	GlobalSection(SolutionProperties) = preSolution
		HideSolutionNode = FALSE
	EndGlobalSection
	GlobalSection(ExtensibilityGlobals) = postSolution
		SolutionGuid = {A8386117-2755-4AC1-8DFC-F419592B3A94}
	EndGlobalSection
EndGlobal
